
Microsoft Visual Studio Solution File, Format Version 12.00
# Visual Studio Version 17
VisualStudioVersion = 17.9.34723.18
MinimumVisualStudioVersion = 10.0.40219.1
Project("{FAE04EC0-301F-11D3-BF4B-00C04F79EFBC}") = "Functions", "Functions\Functions.csproj", "{B7002839-117B-4198-AA58-BBBD0AE48092}"
EndProject
Project("{FAE04EC0-301F-11D3-BF4B-00C04F79EFBC}") = "ArgumentsAndParameters", "ArgumentsAndParameters\ArgumentsAndParameters.csproj", "{D5A3D858-F7B6-4745-AF07-385D5BF10F04}"
EndProject
Project("{FAE04EC0-301F-11D3-BF4B-00C04F79EFBC}") = "Calculator", "Calculator\Calculator.csproj", "{6814B8C1-01D0-41C2-A4F2-06E7C280491D}"
EndProject
Project("{FAE04EC0-301F-11D3-BF4B-00C04F79EFBC}") = "DIscountCalculator", "DIscountCalculator\DIscountCalculator.csproj", "{D24484AF-3743-4CF9-B2E7-CB133DFCF3B4}"
EndProject
Project("{FAE04EC0-301F-11D3-BF4B-00C04F79EFBC}") = "TempCalc", "TempCalc\TempCalc.csproj", "{835913A1-6813-474C-82E8-DE80FB012588}"
EndProject
Global
	GlobalSection(SolutionConfigurationPlatforms) = preSolution
		Debug|Any CPU = Debug|Any CPU
		Release|Any CPU = Release|Any CPU
	EndGlobalSection
	GlobalSection(ProjectConfigurationPlatforms) = postSolution
		{B7002839-117B-4198-AA58-BBBD0AE48092}.Debug|Any CPU.ActiveCfg = Debug|Any CPU
		{B7002839-117B-4198-AA58-BBBD0AE48092}.Debug|Any CPU.Build.0 = Debug|Any CPU
		{B7002839-117B-4198-AA58-BBBD0AE48092}.Release|Any CPU.ActiveCfg = Release|Any CPU
		{B7002839-117B-4198-AA58-BBBD0AE48092}.Release|Any CPU.Build.0 = Release|Any CPU
		{D5A3D858-F7B6-4745-AF07-385D5BF10F04}.Debug|Any CPU.ActiveCfg = Debug|Any CPU
		{D5A3D858-F7B6-4745-AF07-385D5BF10F04}.Debug|Any CPU.Build.0 = Debug|Any CPU
		{D5A3D858-F7B6-4745-AF07-385D5BF10F04}.Release|Any CPU.ActiveCfg = Release|Any CPU
		{D5A3D858-F7B6-4745-AF07-385D5BF10F04}.Release|Any CPU.Build.0 = Release|Any CPU
		{6814B8C1-01D0-41C2-A4F2-06E7C280491D}.Debug|Any CPU.ActiveCfg = Debug|Any CPU
		{6814B8C1-01D0-41C2-A4F2-06E7C280491D}.Debug|Any CPU.Build.0 = Debug|Any CPU
		{6814B8C1-01D0-41C2-A4F2-06E7C280491D}.Release|Any CPU.ActiveCfg = Release|Any CPU
		{6814B8C1-01D0-41C2-A4F2-06E7C280491D}.Release|Any CPU.Build.0 = Release|Any CPU
		{D24484AF-3743-4CF9-B2E7-CB133DFCF3B4}.Debug|Any CPU.ActiveCfg = Debug|Any CPU
		{D24484AF-3743-4CF9-B2E7-CB133DFCF3B4}.Debug|Any CPU.Build.0 = Debug|Any CPU
		{D24484AF-3743-4CF9-B2E7-CB133DFCF3B4}.Release|Any CPU.ActiveCfg = Release|Any CPU
		{D24484AF-3743-4CF9-B2E7-CB133DFCF3B4}.Release|Any CPU.Build.0 = Release|Any CPU
		{835913A1-6813-474C-82E8-DE80FB012588}.Debug|Any CPU.ActiveCfg = Debug|Any CPU
		{835913A1-6813-474C-82E8-DE80FB012588}.Debug|Any CPU.Build.0 = Debug|Any CPU
		{835913A1-6813-474C-82E8-DE80FB012588}.Release|Any CPU.ActiveCfg = Release|Any CPU
		{835913A1-6813-474C-82E8-DE80FB012588}.Release|Any CPU.Build.0 = Release|Any CPU
	EndGlobalSection
	GlobalSection(SolutionProperties) = preSolution
		HideSolutionNode = FALSE
	EndGlobalSection
	GlobalSection(ExtensibilityGlobals) = postSolution
		SolutionGuid = {0C334EBE-1B8B-4F73-80EA-94089FC910F7}
	EndGlobalSection
EndGlobal
